
Microsoft Visual Studio Solution File, Format Version 12.00
# Visual Studio 15
VisualStudioVersion = 15.0.27428.2027
MinimumVisualStudioVersion = 10.0.40219.1
Project("{FAE04EC0-301F-11D3-BF4B-00C04F79EFBC}") = "TestRepository2", "TestRepository2\TestRepository2.csproj", "{49028809-B19D-43C0-BC02-E2675B4C03B9}"
EndProject
Global
	GlobalSection(SolutionConfigurationPlatforms) = preSolution
		Debug|Any CPU = Debug|Any CPU
		Release|Any CPU = Release|Any CPU
	EndGlobalSection
	GlobalSection(ProjectConfigurationPlatforms) = postSolution
		{49028809-B19D-43C0-BC02-E2675B4C03B9}.Debug|Any CPU.ActiveCfg = Debug|Any CPU
		{49028809-B19D-43C0-BC02-E2675B4C03B9}.Debug|Any CPU.Build.0 = Debug|Any CPU
		{49028809-B19D-43C0-BC02-E2675B4C03B9}.Release|Any CPU.ActiveCfg = Release|Any CPU
		{49028809-B19D-43C0-BC02-E2675B4C03B9}.Release|Any CPU.Build.0 = Release|Any CPU
	EndGlobalSection
	GlobalSection(SolutionProperties) = preSolution
		HideSolutionNode = FALSE
	EndGlobalSection
	GlobalSection(ExtensibilityGlobals) = postSolution
		SolutionGuid = {36FAC86D-17EC-49F4-A7A5-389704B01464}
	EndGlobalSection
EndGlobal
